
Microsoft Visual Studio Solution File, Format Version 12.00
# Visual Studio Version 17
VisualStudioVersion = 17.8.34525.116
MinimumVisualStudioVersion = 10.0.40219.1
Project("{F184B08F-C81C-45F6-A57F-5ABD9991F28F}") = "gavino_activity2", "gavino_activity2.vbproj", "{777BA5D9-1A1C-4B39-A536-E15E13DD2F6D}"
EndProject
Global
	GlobalSection(SolutionConfigurationPlatforms) = preSolution
		Debug|Any CPU = Debug|Any CPU
		Release|Any CPU = Release|Any CPU
	EndGlobalSection
	GlobalSection(ProjectConfigurationPlatforms) = postSolution
		{777BA5D9-1A1C-4B39-A536-E15E13DD2F6D}.Debug|Any CPU.ActiveCfg = Debug|Any CPU
		{777BA5D9-1A1C-4B39-A536-E15E13DD2F6D}.Debug|Any CPU.Build.0 = Debug|Any CPU
		{777BA5D9-1A1C-4B39-A536-E15E13DD2F6D}.Release|Any CPU.ActiveCfg = Release|Any CPU
		{777BA5D9-1A1C-4B39-A536-E15E13DD2F6D}.Release|Any CPU.Build.0 = Release|Any CPU
	EndGlobalSection
	GlobalSection(SolutionProperties) = preSolution
		HideSolutionNode = FALSE
	EndGlobalSection
	GlobalSection(ExtensibilityGlobals) = postSolution
		SolutionGuid = {7682112D-F3F1-4E6C-BE97-3D55BB1A5D60}
	EndGlobalSection
EndGlobal
